
Microsoft Visual Studio Solution File, Format Version 12.00
# Visual Studio 14
VisualStudioVersion = 14.0.25420.1
MinimumVisualStudioVersion = 10.0.40219.1
Project("{FAE04EC0-301F-11D3-BF4B-00C04F79EFBC}") = "TwittsExchange.Web", "TwittsExchange\TwittsExchange.Web.csproj", "{C8D6CDE4-817D-4CA3-906B-F83798C3C374}"
EndProject
Project("{FAE04EC0-301F-11D3-BF4B-00C04F79EFBC}") = "TwittsExchange.Data", "TwittsExchange.Data\TwittsExchange.Data.csproj", "{4CEE69AE-8D72-438B-B4B4-D6E8AAA007B3}"
EndProject
Global
	GlobalSection(SolutionConfigurationPlatforms) = preSolution
		Debug|Any CPU = Debug|Any CPU
		Release|Any CPU = Release|Any CPU
	EndGlobalSection
	GlobalSection(ProjectConfigurationPlatforms) = postSolution
		{C8D6CDE4-817D-4CA3-906B-F83798C3C374}.Debug|Any CPU.ActiveCfg = Debug|Any CPU
		{C8D6CDE4-817D-4CA3-906B-F83798C3C374}.Debug|Any CPU.Build.0 = Debug|Any CPU
		{C8D6CDE4-817D-4CA3-906B-F83798C3C374}.Release|Any CPU.ActiveCfg = Release|Any CPU
		{C8D6CDE4-817D-4CA3-906B-F83798C3C374}.Release|Any CPU.Build.0 = Release|Any CPU
		{4CEE69AE-8D72-438B-B4B4-D6E8AAA007B3}.Debug|Any CPU.ActiveCfg = Debug|Any CPU
		{4CEE69AE-8D72-438B-B4B4-D6E8AAA007B3}.Debug|Any CPU.Build.0 = Debug|Any CPU
		{4CEE69AE-8D72-438B-B4B4-D6E8AAA007B3}.Release|Any CPU.ActiveCfg = Release|Any CPU
		{4CEE69AE-8D72-438B-B4B4-D6E8AAA007B3}.Release|Any CPU.Build.0 = Release|Any CPU
	EndGlobalSection
	GlobalSection(SolutionProperties) = preSolution
		HideSolutionNode = FALSE
	EndGlobalSection
EndGlobal
